// !$*UTF8*$!
{
	archiveVersion = 1;
	classes = {
	};
	objectVersion = 50;
	objects = {

/* Begin PBXBuildFile section */
		1D54F9C59EE6745AAC9066C6 /* Pods_upisdkdemo_upisdkdemoUITests.framework in Frameworks */ = {isa = PBXBuildFile; fileRef = 999A4F469338D8E99885BDD1 /* Pods_upisdkdemo_upisdkdemoUITests.framework */; };
		C081C77126E9047D00748233 /* Localizable.strings in Resources */ = {isa = PBXBuildFile; fileRef = C081C77326E9047D00748233 /* Localizable.strings */; };
		C081C77626E907E600748233 /* ViewModel.swift in Sources */ = {isa = PBXBuildFile; fileRef = C081C77526E907E600748233 /* ViewModel.swift */; };
		C081C77826E9342300748233 /* MoyaClient.swift in Sources */ = {isa = PBXBuildFile; fileRef = C081C77726E9342300748233 /* MoyaClient.swift */; };
		C081C77D26EA423900748233 /* Response.swift in Sources */ = {isa = PBXBuildFile; fileRef = C081C77C26EA423900748233 /* Response.swift */; };
		C0A4148E26EC1F63002EE2BB /* Pods_upisdkdemo.framework in Frameworks */ = {isa = PBXBuildFile; fileRef = C0A4148D26EC1F63002EE2BB /* Pods_upisdkdemo.framework */; };
		C0D178C126E831F500FFA0F8 /* upisdkdemoApp.swift in Sources */ = {isa = PBXBuildFile; fileRef = C0D178C026E831F500FFA0F8 /* upisdkdemoApp.swift */; };
		C0D178C326E831F500FFA0F8 /* ContentView.swift in Sources */ = {isa = PBXBuildFile; fileRef = C0D178C226E831F500FFA0F8 /* ContentView.swift */; };
		C0D178C526E831F700FFA0F8 /* Assets.xcassets in Resources */ = {isa = PBXBuildFile; fileRef = C0D178C426E831F700FFA0F8 /* Assets.xcassets */; };
		C0D178C826E831F700FFA0F8 /* Preview Assets.xcassets in Resources */ = {isa = PBXBuildFile; fileRef = C0D178C726E831F700FFA0F8 /* Preview Assets.xcassets */; };
		C0D178D326E831F700FFA0F8 /* upisdkdemoTests.swift in Sources */ = {isa = PBXBuildFile; fileRef = C0D178D226E831F700FFA0F8 /* upisdkdemoTests.swift */; };
		C0D178DE26E831F700FFA0F8 /* upisdkdemoUITests.swift in Sources */ = {isa = PBXBuildFile; fileRef = C0D178DD26E831F700FFA0F8 /* upisdkdemoUITests.swift */; };
		EB966E7E75977EA6C4B81660 /* Pods_upisdkdemoTests.framework in Frameworks */ = {isa = PBXBuildFile; fileRef = D96EB2A786D4F00689A8BE83 /* Pods_upisdkdemoTests.framework */; };
/* End PBXBuildFile section */

/* Begin PBXContainerItemProxy section */
		C0D178CF26E831F700FFA0F8 /* PBXContainerItemProxy */ = {
			isa = PBXContainerItemProxy;
			containerPortal = C0D178B526E831F500FFA0F8 /* Project object */;
			proxyType = 1;
			remoteGlobalIDString = C0D178BC26E831F500FFA0F8;
			remoteInfo = upisdkdemo;
		};
		C0D178DA26E831F700FFA0F8 /* PBXContainerItemProxy */ = {
			isa = PBXContainerItemProxy;
			containerPortal = C0D178B526E831F500FFA0F8 /* Project object */;
			proxyType = 1;
			remoteGlobalIDString = C0D178BC26E831F500FFA0F8;
			remoteInfo = upisdkdemo;
		};
/* End PBXContainerItemProxy section */

/* Begin PBXFileReference section */
		06A5AB784003AFACA9E2C8C0 /* Pods_upisdkdemo.framework */ = {isa = PBXFileReference; explicitFileType = wrapper.framework; includeInIndex = 0; path = Pods_upisdkdemo.framework; sourceTree = BUILT_PRODUCTS_DIR; };
		31DBD55D04DD60031005EBAD /* Pods-upisdkdemo.debug.xcconfig */ = {isa = PBXFileReference; includeInIndex = 1; lastKnownFileType = text.xcconfig; name = "Pods-upisdkdemo.debug.xcconfig"; path = "Target Support Files/Pods-upisdkdemo/Pods-upisdkdemo.debug.xcconfig"; sourceTree = "<group>"; };
		62157B7E5007E58AA39A14B9 /* Pods-upisdkdemoTests.release.xcconfig */ = {isa = PBXFileReference; includeInIndex = 1; lastKnownFileType = text.xcconfig; name = "Pods-upisdkdemoTests.release.xcconfig"; path = "Target Support Files/Pods-upisdkdemoTests/Pods-upisdkdemoTests.release.xcconfig"; sourceTree = "<group>"; };
		71611D7A3B6D58375370C3EE /* Pods-upisdkdemo-upisdkdemoUITests.debug.xcconfig */ = {isa = PBXFileReference; includeInIndex = 1; lastKnownFileType = text.xcconfig; name = "Pods-upisdkdemo-upisdkdemoUITests.debug.xcconfig"; path = "Target Support Files/Pods-upisdkdemo-upisdkdemoUITests/Pods-upisdkdemo-upisdkdemoUITests.debug.xcconfig"; sourceTree = "<group>"; };
		999A4F469338D8E99885BDD1 /* Pods_upisdkdemo_upisdkdemoUITests.framework */ = {isa = PBXFileReference; explicitFileType = wrapper.framework; includeInIndex = 0; path = Pods_upisdkdemo_upisdkdemoUITests.framework; sourceTree = BUILT_PRODUCTS_DIR; };
		C081C77226E9047D00748233 /* zh-Hans */ = {isa = PBXFileReference; lastKnownFileType = text.plist.strings; name = "zh-Hans"; path = "zh-Hans.lproj/Localizable.strings"; sourceTree = "<group>"; };
		C081C77426E9048100748233 /* en */ = {isa = PBXFileReference; lastKnownFileType = text.plist.strings; name = en; path = en.lproj/Localizable.strings; sourceTree = "<group>"; };
		C081C77526E907E600748233 /* ViewModel.swift */ = {isa = PBXFileReference; lastKnownFileType = sourcecode.swift; path = ViewModel.swift; sourceTree = "<group>"; };
		C081C77726E9342300748233 /* MoyaClient.swift */ = {isa = PBXFileReference; lastKnownFileType = sourcecode.swift; path = MoyaClient.swift; sourceTree = "<group>"; };
		C081C77C26EA423900748233 /* Response.swift */ = {isa = PBXFileReference; lastKnownFileType = sourcecode.swift; path = Response.swift; sourceTree = "<group>"; };
		C081C78E26EBBB5B00748233 /* upisdkdemo */ = {isa = PBXFileReference; lastKnownFileType = folder; path = upisdkdemo; sourceTree = "<group>"; };
		C081C79226EBBBCF00748233 /* upisdkdemo-Bridging-Header.h */ = {isa = PBXFileReference; lastKnownFileType = sourcecode.c.h; path = "upisdkdemo-Bridging-Header.h"; sourceTree = "<group>"; };
		C0A4148D26EC1F63002EE2BB /* Pods_upisdkdemo.framework */ = {isa = PBXFileReference; explicitFileType = wrapper.framework; path = Pods_upisdkdemo.framework; sourceTree = BUILT_PRODUCTS_DIR; };
		C0D178BD26E831F500FFA0F8 /* upisdkdemo.app */ = {isa = PBXFileReference; explicitFileType = wrapper.application; includeInIndex = 0; path = upisdkdemo.app; sourceTree = BUILT_PRODUCTS_DIR; };
		C0D178C026E831F500FFA0F8 /* upisdkdemoApp.swift */ = {isa = PBXFileReference; lastKnownFileType = sourcecode.swift; path = upisdkdemoApp.swift; sourceTree = "<group>"; };
		C0D178C226E831F500FFA0F8 /* ContentView.swift */ = {isa = PBXFileReference; lastKnownFileType = sourcecode.swift; path = ContentView.swift; sourceTree = "<group>"; };
		C0D178C426E831F700FFA0F8 /* Assets.xcassets */ = {isa = PBXFileReference; lastKnownFileType = folder.assetcatalog; path = Assets.xcassets; sourceTree = "<group>"; };
		C0D178C726E831F700FFA0F8 /* Preview Assets.xcassets */ = {isa = PBXFileReference; lastKnownFileType = folder.assetcatalog; path = "Preview Assets.xcassets"; sourceTree = "<group>"; };
		C0D178C926E831F700FFA0F8 /* Info.plist */ = {isa = PBXFileReference; lastKnownFileType = text.plist.xml; path = Info.plist; sourceTree = "<group>"; };
		C0D178CE26E831F700FFA0F8 /* upisdkdemoTests.xctest */ = {isa = PBXFileReference; explicitFileType = wrapper.cfbundle; includeInIndex = 0; path = upisdkdemoTests.xctest; sourceTree = BUILT_PRODUCTS_DIR; };
		C0D178D226E831F700FFA0F8 /* upisdkdemoTests.swift */ = {isa = PBXFileReference; lastKnownFileType = sourcecode.swift; path = upisdkdemoTests.swift; sourceTree = "<group>"; };
		C0D178D426E831F700FFA0F8 /* Info.plist */ = {isa = PBXFileReference; lastKnownFileType = text.plist.xml; path = Info.plist; sourceTree = "<group>"; };
		C0D178D926E831F700FFA0F8 /* upisdkdemoUITests.xctest */ = {isa = PBXFileReference; explicitFileType = wrapper.cfbundle; includeInIndex = 0; path = upisdkdemoUITests.xctest; sourceTree = BUILT_PRODUCTS_DIR; };
		C0D178DD26E831F700FFA0F8 /* upisdkdemoUITests.swift */ = {isa = PBXFileReference; lastKnownFileType = sourcecode.swift; path = upisdkdemoUITests.swift; sourceTree = "<group>"; };
		C0D178DF26E831F700FFA0F8 /* Info.plist */ = {isa = PBXFileReference; lastKnownFileType = text.plist.xml; path = Info.plist; sourceTree = "<group>"; };
		CA05310DDE6D3B2310FBBCF0 /* Pods-upisdkdemoTests.debug.xcconfig */ = {isa = PBXFileReference; includeInIndex = 1; lastKnownFileType = text.xcconfig; name = "Pods-upisdkdemoTests.debug.xcconfig"; path = "Target Support Files/Pods-upisdkdemoTests/Pods-upisdkdemoTests.debug.xcconfig"; sourceTree = "<group>"; };
		CD6871803294314D728AE869 /* Pods-upisdkdemo.release.xcconfig */ = {isa = PBXFileReference; includeInIndex = 1; lastKnownFileType = text.xcconfig; name = "Pods-upisdkdemo.release.xcconfig"; path = "Target Support Files/Pods-upisdkdemo/Pods-upisdkdemo.release.xcconfig"; sourceTree = "<group>"; };
		D96EB2A786D4F00689A8BE83 /* Pods_upisdkdemoTests.framework */ = {isa = PBXFileReference; explicitFileType = wrapper.framework; includeInIndex = 0; path = Pods_upisdkdemoTests.framework; sourceTree = BUILT_PRODUCTS_DIR; };
		DD52FBB5FD2870B255445A95 /* Pods-upisdkdemo-upisdkdemoUITests.release.xcconfig */ = {isa = PBXFileReference; includeInIndex = 1; lastKnownFileType = text.xcconfig; name = "Pods-upisdkdemo-upisdkdemoUITests.release.xcconfig"; path = "Target Support Files/Pods-upisdkdemo-upisdkdemoUITests/Pods-upisdkdemo-upisdkdemoUITests.release.xcconfig"; sourceTree = "<group>"; };
/* End PBXFileReference section */

/* Begin PBXFrameworksBuildPhase section */
		C0D178BA26E831F500FFA0F8 /* Frameworks */ = {
			isa = PBXFrameworksBuildPhase;
			buildActionMask = 2147483647;
			files = (
				C0A4148E26EC1F63002EE2BB /* Pods_upisdkdemo.framework in Frameworks */,
			);
			runOnlyForDeploymentPostprocessing = 0;
		};
		C0D178CB26E831F700FFA0F8 /* Frameworks */ = {
			isa = PBXFrameworksBuildPhase;
			buildActionMask = 2147483647;
			files = (
				EB966E7E75977EA6C4B81660 /* Pods_upisdkdemoTests.framework in Frameworks */,
			);
			runOnlyForDeploymentPostprocessing = 0;
		};
		C0D178D626E831F700FFA0F8 /* Frameworks */ = {
			isa = PBXFrameworksBuildPhase;
			buildActionMask = 2147483647;
			files = (
				1D54F9C59EE6745AAC9066C6 /* Pods_upisdkdemo_upisdkdemoUITests.framework in Frameworks */,
			);
			runOnlyForDeploymentPostprocessing = 0;
		};
/* End PBXFrameworksBuildPhase section */

/* Begin PBXGroup section */
		2853CAD7C7A091AE9331E012 /* Frameworks */ = {
			isa = PBXGroup;
			children = (
				C0A4148D26EC1F63002EE2BB /* Pods_upisdkdemo.framework */,
				C081C78E26EBBB5B00748233 /* upisdkdemo */,
				06A5AB784003AFACA9E2C8C0 /* Pods_upisdkdemo.framework */,
				999A4F469338D8E99885BDD1 /* Pods_upisdkdemo_upisdkdemoUITests.framework */,
				D96EB2A786D4F00689A8BE83 /* Pods_upisdkdemoTests.framework */,
			);
			name = Frameworks;
			sourceTree = "<group>";
		};
		C0D178B426E831F500FFA0F8 = {
			isa = PBXGroup;
			children = (
				C0D178BF26E831F500FFA0F8 /* upisdkdemo */,
				C0D178D126E831F700FFA0F8 /* upisdkdemoTests */,
				C0D178DC26E831F700FFA0F8 /* upisdkdemoUITests */,
				C0D178BE26E831F500FFA0F8 /* Products */,
				EC3CA77D9D9FF936FBDD3FB9 /* Pods */,
				2853CAD7C7A091AE9331E012 /* Frameworks */,
			);
			sourceTree = "<group>";
		};
		C0D178BE26E831F500FFA0F8 /* Products */ = {
			isa = PBXGroup;
			children = (
				C0D178BD26E831F500FFA0F8 /* upisdkdemo.app */,
				C0D178CE26E831F700FFA0F8 /* upisdkdemoTests.xctest */,
				C0D178D926E831F700FFA0F8 /* upisdkdemoUITests.xctest */,
			);
			name = Products;
			sourceTree = "<group>";
		};
		C0D178BF26E831F500FFA0F8 /* upisdkdemo */ = {
			isa = PBXGroup;
			children = (
				C0D178C026E831F500FFA0F8 /* upisdkdemoApp.swift */,
				C0D178C226E831F500FFA0F8 /* ContentView.swift */,
				C0D178C426E831F700FFA0F8 /* Assets.xcassets */,
				C0D178C926E831F700FFA0F8 /* Info.plist */,
				C0D178C626E831F700FFA0F8 /* Preview Content */,
				C081C77326E9047D00748233 /* Localizable.strings */,
				C081C77526E907E600748233 /* ViewModel.swift */,
				C081C77726E9342300748233 /* MoyaClient.swift */,
				C081C77C26EA423900748233 /* Response.swift */,
				C081C79226EBBBCF00748233 /* upisdkdemo-Bridging-Header.h */,
			);
			path = upisdkdemo;
			sourceTree = "<group>";
		};
		C0D178C626E831F700FFA0F8 /* Preview Content */ = {
			isa = PBXGroup;
			children = (
				C0D178C726E831F700FFA0F8 /* Preview Assets.xcassets */,
			);
			path = "Preview Content";
			sourceTree = "<group>";
		};
		C0D178D126E831F700FFA0F8 /* upisdkdemoTests */ = {
			isa = PBXGroup;
			children = (
				C0D178D226E831F700FFA0F8 /* upisdkdemoTests.swift */,
				C0D178D426E831F700FFA0F8 /* Info.plist */,
			);
			path = upisdkdemoTests;
			sourceTree = "<group>";
		};
		C0D178DC26E831F700FFA0F8 /* upisdkdemoUITests */ = {
			isa = PBXGroup;
			children = (
				C0D178DD26E831F700FFA0F8 /* upisdkdemoUITests.swift */,
				C0D178DF26E831F700FFA0F8 /* Info.plist */,
			);
			path = upisdkdemoUITests;
			sourceTree = "<group>";
		};
		EC3CA77D9D9FF936FBDD3FB9 /* Pods */ = {
			isa = PBXGroup;
			children = (
				31DBD55D04DD60031005EBAD /* Pods-upisdkdemo.debug.xcconfig */,
				CD6871803294314D728AE869 /* Pods-upisdkdemo.release.xcconfig */,
				71611D7A3B6D58375370C3EE /* Pods-upisdkdemo-upisdkdemoUITests.debug.xcconfig */,
				DD52FBB5FD2870B255445A95 /* Pods-upisdkdemo-upisdkdemoUITests.release.xcconfig */,
				CA05310DDE6D3B2310FBBCF0 /* Pods-upisdkdemoTests.debug.xcconfig */,
				62157B7E5007E58AA39A14B9 /* Pods-upisdkdemoTests.release.xcconfig */,
			);
			path = Pods;
			sourceTree = "<group>";
		};
/* End PBXGroup section */

/* Begin PBXNativeTarget section */
		C0D178BC26E831F500FFA0F8 /* upisdkdemo */ = {
			isa = PBXNativeTarget;
			buildConfigurationList = C0D178E226E831F700FFA0F8 /* Build configuration list for PBXNativeTarget "upisdkdemo" */;
			buildPhases = (
				724FCE443B70A3850BEF59AF /* [CP] Check Pods Manifest.lock */,
				C0D178B926E831F500FFA0F8 /* Sources */,
				C0D178BA26E831F500FFA0F8 /* Frameworks */,
				C0D178BB26E831F500FFA0F8 /* Resources */,
				FACD5EF365A335502A896772 /* [CP] Embed Pods Frameworks */,
			);
			buildRules = (
			);
			dependencies = (
			);
			name = upisdkdemo;
			productName = upisdkdemo;
			productReference = C0D178BD26E831F500FFA0F8 /* upisdkdemo.app */;
			productType = "com.apple.product-type.application";
		};
		C0D178CD26E831F700FFA0F8 /* upisdkdemoTests */ = {
			isa = PBXNativeTarget;
			buildConfigurationList = C0D178E526E831F700FFA0F8 /* Build configuration list for PBXNativeTarget "upisdkdemoTests" */;
			buildPhases = (
				A86E38FCBADB97199F306632 /* [CP] Check Pods Manifest.lock */,
				C0D178CA26E831F700FFA0F8 /* Sources */,
				C0D178CB26E831F700FFA0F8 /* Frameworks */,
				C0D178CC26E831F700FFA0F8 /* Resources */,
			);
			buildRules = (
			);
			dependencies = (
				C0D178D026E831F700FFA0F8 /* PBXTargetDependency */,
			);
			name = upisdkdemoTests;
			productName = upisdkdemoTests;
			productReference = C0D178CE26E831F700FFA0F8 /* upisdkdemoTests.xctest */;
			productType = "com.apple.product-type.bundle.unit-test";
		};
		C0D178D826E831F700FFA0F8 /* upisdkdemoUITests */ = {
			isa = PBXNativeTarget;
			buildConfigurationList = C0D178E826E831F700FFA0F8 /* Build configuration list for PBXNativeTarget "upisdkdemoUITests" */;
			buildPhases = (
				D44B7CAB54ABEA860E2F62DD /* [CP] Check Pods Manifest.lock */,
				C0D178D526E831F700FFA0F8 /* Sources */,
				C0D178D626E831F700FFA0F8 /* Frameworks */,
				C0D178D726E831F700FFA0F8 /* Resources */,
				2FF9F57239B1B2A2524219A1 /* [CP] Embed Pods Frameworks */,
			);
			buildRules = (
			);
			dependencies = (
				C0D178DB26E831F700FFA0F8 /* PBXTargetDependency */,
			);
			name = upisdkdemoUITests;
			productName = upisdkdemoUITests;
			productReference = C0D178D926E831F700FFA0F8 /* upisdkdemoUITests.xctest */;
			productType = "com.apple.product-type.bundle.ui-testing";
		};
/* End PBXNativeTarget section */

/* Begin PBXProject section */
		C0D178B526E831F500FFA0F8 /* Project object */ = {
			isa = PBXProject;
			attributes = {
				LastSwiftUpdateCheck = 1250;
				LastUpgradeCheck = 1250;
				TargetAttributes = {
					C0D178BC26E831F500FFA0F8 = {
						CreatedOnToolsVersion = 12.5.1;
						LastSwiftMigration = 1250;
					};
					C0D178CD26E831F700FFA0F8 = {
						CreatedOnToolsVersion = 12.5.1;
						TestTargetID = C0D178BC26E831F500FFA0F8;
					};
					C0D178D826E831F700FFA0F8 = {
						CreatedOnToolsVersion = 12.5.1;
						TestTargetID = C0D178BC26E831F500FFA0F8;
					};
				};
			};
			buildConfigurationList = C0D178B826E831F500FFA0F8 /* Build configuration list for PBXProject "upisdkdemo" */;
			compatibilityVersion = "Xcode 9.3";
			developmentRegion = en;
			hasScannedForEncodings = 0;
			knownRegions = (
				en,
				Base,
				"zh-Hans",
			);
			mainGroup = C0D178B426E831F500FFA0F8;
			productRefGroup = C0D178BE26E831F500FFA0F8 /* Products */;
			projectDirPath = "";
			projectRoot = "";
			targets = (
				C0D178BC26E831F500FFA0F8 /* upisdkdemo */,
				C0D178CD26E831F700FFA0F8 /* upisdkdemoTests */,
				C0D178D826E831F700FFA0F8 /* upisdkdemoUITests */,
			);
		};
/* End PBXProject section */

/* Begin PBXResourcesBuildPhase section */
		C0D178BB26E831F500FFA0F8 /* Resources */ = {
			isa = PBXResourcesBuildPhase;
			buildActionMask = 2147483647;
			files = (
				C0D178C826E831F700FFA0F8 /* Preview Assets.xcassets in Resources */,
				C081C77126E9047D00748233 /* Localizable.strings in Resources */,
				C0D178C526E831F700FFA0F8 /* Assets.xcassets in Resources */,
			);
			runOnlyForDeploymentPostprocessing = 0;
		};
		C0D178CC26E831F700FFA0F8 /* Resources */ = {
			isa = PBXResourcesBuildPhase;
			buildActionMask = 2147483647;
			files = (
			);
			runOnlyForDeploymentPostprocessing = 0;
		};
		C0D178D726E831F700FFA0F8 /* Resources */ = {
			isa = PBXResourcesBuildPhase;
			buildActionMask = 2147483647;
			files = (
			);
			runOnlyForDeploymentPostprocessing = 0;
		};
/* End PBXResourcesBuildPhase section */

/* Begin PBXShellScriptBuildPhase section */
		2FF9F57239B1B2A2524219A1 /* [CP] Embed Pods Frameworks */ = {
			isa = PBXShellScriptBuildPhase;
			buildActionMask = 2147483647;
			files = (
			);
			inputFileListPaths = (
				"${PODS_ROOT}/Target Support Files/Pods-upisdkdemo-upisdkdemoUITests/Pods-upisdkdemo-upisdkdemoUITests-frameworks-${CONFIGURATION}-input-files.xcfilelist",
			);
			name = "[CP] Embed Pods Frameworks";
			outputFileListPaths = (
				"${PODS_ROOT}/Target Support Files/Pods-upisdkdemo-upisdkdemoUITests/Pods-upisdkdemo-upisdkdemoUITests-frameworks-${CONFIGURATION}-output-files.xcfilelist",
			);
			runOnlyForDeploymentPostprocessing = 0;
			shellPath = /bin/sh;
			shellScript = "\"${PODS_ROOT}/Target Support Files/Pods-upisdkdemo-upisdkdemoUITests/Pods-upisdkdemo-upisdkdemoUITests-frameworks.sh\"\n";
			showEnvVarsInLog = 0;
		};
		724FCE443B70A3850BEF59AF /* [CP] Check Pods Manifest.lock */ = {
			isa = PBXShellScriptBuildPhase;
			buildActionMask = 2147483647;
			files = (
			);
			inputFileListPaths = (
			);
			inputPaths = (
				"${PODS_PODFILE_DIR_PATH}/Podfile.lock",
				"${PODS_ROOT}/Manifest.lock",
			);
			name = "[CP] Check Pods Manifest.lock";
			outputFileListPaths = (
			);
			outputPaths = (
				"$(DERIVED_FILE_DIR)/Pods-upisdkdemo-checkManifestLockResult.txt",
			);
			runOnlyForDeploymentPostprocessing = 0;
			shellPath = /bin/sh;
			shellScript = "diff \"${PODS_PODFILE_DIR_PATH}/Podfile.lock\" \"${PODS_ROOT}/Manifest.lock\" > /dev/null\nif [ $? != 0 ] ; then\n    # print error to STDERR\n    echo \"error: The sandbox is not in sync with the Podfile.lock. Run 'pod install' or update your CocoaPods installation.\" >&2\n    exit 1\nfi\n# This output is used by Xcode 'outputs' to avoid re-running this script phase.\necho \"SUCCESS\" > \"${SCRIPT_OUTPUT_FILE_0}\"\n";
			showEnvVarsInLog = 0;
		};
		A86E38FCBADB97199F306632 /* [CP] Check Pods Manifest.lock */ = {
			isa = PBXShellScriptBuildPhase;
			buildActionMask = 2147483647;
			files = (
			);
			inputFileListPaths = (
			);
			inputPaths = (
				"${PODS_PODFILE_DIR_PATH}/Podfile.lock",
				"${PODS_ROOT}/Manifest.lock",
			);
			name = "[CP] Check Pods Manifest.lock";
			outputFileListPaths = (
			);
			outputPaths = (
				"$(DERIVED_FILE_DIR)/Pods-upisdkdemoTests-checkManifestLockResult.txt",
			);
			runOnlyForDeploymentPostprocessing = 0;
			shellPath = /bin/sh;
			shellScript = "diff \"${PODS_PODFILE_DIR_PATH}/Podfile.lock\" \"${PODS_ROOT}/Manifest.lock\" > /dev/null\nif [ $? != 0 ] ; then\n    # print error to STDERR\n    echo \"error: The sandbox is not in sync with the Podfile.lock. Run 'pod install' or update your CocoaPods installation.\" >&2\n    exit 1\nfi\n# This output is used by Xcode 'outputs' to avoid re-running this script phase.\necho \"SUCCESS\" > \"${SCRIPT_OUTPUT_FILE_0}\"\n";
			showEnvVarsInLog = 0;
		};
		D44B7CAB54ABEA860E2F62DD /* [CP] Check Pods Manifest.lock */ = {
			isa = PBXShellScriptBuildPhase;
			buildActionMask = 2147483647;
			files = (
			);
			inputFileListPaths = (
			);
			inputPaths = (
				"${PODS_PODFILE_DIR_PATH}/Podfile.lock",
				"${PODS_ROOT}/Manifest.lock",
			);
			name = "[CP] Check Pods Manifest.lock";
			outputFileListPaths = (
			);
			outputPaths = (
				"$(DERIVED_FILE_DIR)/Pods-upisdkdemo-upisdkdemoUITests-checkManifestLockResult.txt",
			);
			runOnlyForDeploymentPostprocessing = 0;
			shellPath = /bin/sh;
			shellScript = "diff \"${PODS_PODFILE_DIR_PATH}/Podfile.lock\" \"${PODS_ROOT}/Manifest.lock\" > /dev/null\nif [ $? != 0 ] ; then\n    # print error to STDERR\n    echo \"error: The sandbox is not in sync with the Podfile.lock. Run 'pod install' or update your CocoaPods installation.\" >&2\n    exit 1\nfi\n# This output is used by Xcode 'outputs' to avoid re-running this script phase.\necho \"SUCCESS\" > \"${SCRIPT_OUTPUT_FILE_0}\"\n";
			showEnvVarsInLog = 0;
		};
		FACD5EF365A335502A896772 /* [CP] Embed Pods Frameworks */ = {
			isa = PBXShellScriptBuildPhase;
			buildActionMask = 2147483647;
			files = (
			);
			inputFileListPaths = (
				"${PODS_ROOT}/Target Support Files/Pods-upisdkdemo/Pods-upisdkdemo-frameworks-${CONFIGURATION}-input-files.xcfilelist",
			);
			name = "[CP] Embed Pods Frameworks";
			outputFileListPaths = (
				"${PODS_ROOT}/Target Support Files/Pods-upisdkdemo/Pods-upisdkdemo-frameworks-${CONFIGURATION}-output-files.xcfilelist",
			);
			runOnlyForDeploymentPostprocessing = 0;
			shellPath = /bin/sh;
			shellScript = "\"${PODS_ROOT}/Target Support Files/Pods-upisdkdemo/Pods-upisdkdemo-frameworks.sh\"\n";
			showEnvVarsInLog = 0;
		};
/* End PBXShellScriptBuildPhase section */

/* Begin PBXSourcesBuildPhase section */
		C0D178B926E831F500FFA0F8 /* Sources */ = {
			isa = PBXSourcesBuildPhase;
			buildActionMask = 2147483647;
			files = (
				C081C77826E9342300748233 /* MoyaClient.swift in Sources */,
				C0D178C326E831F500FFA0F8 /* ContentView.swift in Sources */,
				C081C77626E907E600748233 /* ViewModel.swift in Sources */,
				C0D178C126E831F500FFA0F8 /* upisdkdemoApp.swift in Sources */,
				C081C77D26EA423900748233 /* Response.swift in Sources */,
			);
			runOnlyForDeploymentPostprocessing = 0;
		};
		C0D178CA26E831F700FFA0F8 /* Sources */ = {
			isa = PBXSourcesBuildPhase;
			buildActionMask = 2147483647;
			files = (
				C0D178D326E831F700FFA0F8 /* upisdkdemoTests.swift in Sources */,
			);
			runOnlyForDeploymentPostprocessing = 0;
		};
		C0D178D526E831F700FFA0F8 /* Sources */ = {
			isa = PBXSourcesBuildPhase;
			buildActionMask = 2147483647;
			files = (
				C0D178DE26E831F700FFA0F8 /* upisdkdemoUITests.swift in Sources */,
			);
			runOnlyForDeploymentPostprocessing = 0;
		};
/* End PBXSourcesBuildPhase section */

/* Begin PBXTargetDependency section */
		C0D178D026E831F700FFA0F8 /* PBXTargetDependency */ = {
			isa = PBXTargetDependency;
			target = C0D178BC26E831F500FFA0F8 /* upisdkdemo */;
			targetProxy = C0D178CF26E831F700FFA0F8 /* PBXContainerItemProxy */;
		};
		C0D178DB26E831F700FFA0F8 /* PBXTargetDependency */ = {
			isa = PBXTargetDependency;
			target = C0D178BC26E831F500FFA0F8 /* upisdkdemo */;
			targetProxy = C0D178DA26E831F700FFA0F8 /* PBXContainerItemProxy */;
		};
/* End PBXTargetDependency section */

/* Begin PBXVariantGroup section */
		C081C77326E9047D00748233 /* Localizable.strings */ = {
			isa = PBXVariantGroup;
			children = (
				C081C77226E9047D00748233 /* zh-Hans */,
				C081C77426E9048100748233 /* en */,
			);
			name = Localizable.strings;
			path = Assets.xcassets;
			sourceTree = "<group>";
		};
/* End PBXVariantGroup section */

/* Begin XCBuildConfiguration section */
		C0D178E026E831F700FFA0F8 /* Debug */ = {
			isa = XCBuildConfiguration;
			buildSettings = {
				ALWAYS_SEARCH_USER_PATHS = NO;
				CLANG_ANALYZER_LOCALIZABILITY_NONLOCALIZED = YES;
				CLANG_ANALYZER_NONNULL = YES;
				CLANG_ANALYZER_NUMBER_OBJECT_CONVERSION = YES_AGGRESSIVE;
				CLANG_CXX_LANGUAGE_STANDARD = "gnu++14";
				CLANG_CXX_LIBRARY = "libc++";
				CLANG_ENABLE_MODULES = YES;
				CLANG_ENABLE_OBJC_ARC = YES;
				CLANG_ENABLE_OBJC_WEAK = YES;
				CLANG_WARN_BLOCK_CAPTURE_AUTORELEASING = YES;
				CLANG_WARN_BOOL_CONVERSION = YES;
				CLANG_WARN_COMMA = YES;
				CLANG_WARN_CONSTANT_CONVERSION = YES;
				CLANG_WARN_DEPRECATED_OBJC_IMPLEMENTATIONS = YES;
				CLANG_WARN_DIRECT_OBJC_ISA_USAGE = YES_ERROR;
				CLANG_WARN_DOCUMENTATION_COMMENTS = YES;
				CLANG_WARN_EMPTY_BODY = YES;
				CLANG_WARN_ENUM_CONVERSION = YES;
				CLANG_WARN_INFINITE_RECURSION = YES;
				CLANG_WARN_INT_CONVERSION = YES;
				CLANG_WARN_NON_LITERAL_NULL_CONVERSION = YES;
				CLANG_WARN_OBJC_IMPLICIT_RETAIN_SELF = YES;
				CLANG_WARN_OBJC_LITERAL_CONVERSION = YES;
				CLANG_WARN_OBJC_ROOT_CLASS = YES_ERROR;
				CLANG_WARN_QUOTED_INCLUDE_IN_FRAMEWORK_HEADER = YES;
				CLANG_WARN_RANGE_LOOP_ANALYSIS = YES;
				CLANG_WARN_STRICT_PROTOTYPES = YES;
				CLANG_WARN_SUSPICIOUS_MOVE = YES;
				CLANG_WARN_UNGUARDED_AVAILABILITY = YES_AGGRESSIVE;
				CLANG_WARN_UNREACHABLE_CODE = YES;
				CLANG_WARN__DUPLICATE_METHOD_MATCH = YES;
				COPY_PHASE_STRIP = NO;
				DEBUG_INFORMATION_FORMAT = dwarf;
				ENABLE_STRICT_OBJC_MSGSEND = YES;
				ENABLE_TESTABILITY = YES;
				EXCLUDED_ARCHS = arm64;
				"FRAMEWORK_SEARCH_PATHS[arch=*]" = "$(PROJECT_DIR)/upisdkdemo/Frameworks";
				GCC_C_LANGUAGE_STANDARD = gnu11;
				GCC_DYNAMIC_NO_PIC = NO;
				GCC_NO_COMMON_BLOCKS = YES;
				GCC_OPTIMIZATION_LEVEL = 0;
				GCC_PREPROCESSOR_DEFINITIONS = (
					"DEBUG=1",
					"$(inherited)",
				);
				GCC_WARN_64_TO_32_BIT_CONVERSION = YES;
				GCC_WARN_ABOUT_RETURN_TYPE = YES_ERROR;
				GCC_WARN_UNDECLARED_SELECTOR = YES;
				GCC_WARN_UNINITIALIZED_AUTOS = YES_AGGRESSIVE;
				GCC_WARN_UNUSED_FUNCTION = YES;
				GCC_WARN_UNUSED_VARIABLE = YES;
				IPHONEOS_DEPLOYMENT_TARGET = 14.5;
				MTL_ENABLE_DEBUG_INFO = INCLUDE_SOURCE;
				MTL_FAST_MATH = YES;
				ONLY_ACTIVE_ARCH = YES;
				SDKROOT = iphoneos;
				SWIFT_ACTIVE_COMPILATION_CONDITIONS = DEBUG;
				"SWIFT_OBJC_BRIDGING_HEADER[arch=*]" = "";
				SWIFT_OPTIMIZATION_LEVEL = "-Onone";
			};
			name = Debug;
		};
		C0D178E126E831F700FFA0F8 /* Release */ = {
			isa = XCBuildConfiguration;
			buildSettings = {
				ALWAYS_SEARCH_USER_PATHS = NO;
				CLANG_ANALYZER_LOCALIZABILITY_NONLOCALIZED = YES;
				CLANG_ANALYZER_NONNULL = YES;
				CLANG_ANALYZER_NUMBER_OBJECT_CONVERSION = YES_AGGRESSIVE;
				CLANG_CXX_LANGUAGE_STANDARD = "gnu++14";
				CLANG_CXX_LIBRARY = "libc++";
				CLANG_ENABLE_MODULES = YES;
				CLANG_ENABLE_OBJC_ARC = YES;
				CLANG_ENABLE_OBJC_WEAK = YES;
				CLANG_WARN_BLOCK_CAPTURE_AUTORELEASING = YES;
				CLANG_WARN_BOOL_CONVERSION = YES;
				CLANG_WARN_COMMA = YES;
				CLANG_WARN_CONSTANT_CONVERSION = YES;
				CLANG_WARN_DEPRECATED_OBJC_IMPLEMENTATIONS = YES;
				CLANG_WARN_DIRECT_OBJC_ISA_USAGE = YES_ERROR;
				CLANG_WARN_DOCUMENTATION_COMMENTS = YES;
				CLANG_WARN_EMPTY_BODY = YES;
				CLANG_WARN_ENUM_CONVERSION = YES;
				CLANG_WARN_INFINITE_RECURSION = YES;
				CLANG_WARN_INT_CONVERSION = YES;
				CLANG_WARN_NON_LITERAL_NULL_CONVERSION = YES;
				CLANG_WARN_OBJC_IMPLICIT_RETAIN_SELF = YES;
				CLANG_WARN_OBJC_LITERAL_CONVERSION = YES;
				CLANG_WARN_OBJC_ROOT_CLASS = YES_ERROR;
				CLANG_WARN_QUOTED_INCLUDE_IN_FRAMEWORK_HEADER = YES;
				CLANG_WARN_RANGE_LOOP_ANALYSIS = YES;
				CLANG_WARN_STRICT_PROTOTYPES = YES;
				CLANG_WARN_SUSPICIOUS_MOVE = YES;
				CLANG_WARN_UNGUARDED_AVAILABILITY = YES_AGGRESSIVE;
				CLANG_WARN_UNREACHABLE_CODE = YES;
				CLANG_WARN__DUPLICATE_METHOD_MATCH = YES;
				COPY_PHASE_STRIP = NO;
				DEBUG_INFORMATION_FORMAT = "dwarf-with-dsym";
				ENABLE_NS_ASSERTIONS = NO;
				ENABLE_STRICT_OBJC_MSGSEND = YES;
				EXCLUDED_ARCHS = arm64;
				GCC_C_LANGUAGE_STANDARD = gnu11;
				GCC_NO_COMMON_BLOCKS = YES;
				GCC_WARN_64_TO_32_BIT_CONVERSION = YES;
				GCC_WARN_ABOUT_RETURN_TYPE = YES_ERROR;
				GCC_WARN_UNDECLARED_SELECTOR = YES;
				GCC_WARN_UNINITIALIZED_AUTOS = YES_AGGRESSIVE;
				GCC_WARN_UNUSED_FUNCTION = YES;
				GCC_WARN_UNUSED_VARIABLE = YES;
				IPHONEOS_DEPLOYMENT_TARGET = 14.5;
				MTL_ENABLE_DEBUG_INFO = NO;
				MTL_FAST_MATH = YES;
				SDKROOT = iphoneos;
				SWIFT_COMPILATION_MODE = wholemodule;
				SWIFT_OPTIMIZATION_LEVEL = "-O";
				VALIDATE_PRODUCT = YES;
			};
			name = Release;
		};
		C0D178E326E831F700FFA0F8 /* Debug */ = {
			isa = XCBuildConfiguration;
			baseConfigurationReference = 31DBD55D04DD60031005EBAD /* Pods-upisdkdemo.debug.xcconfig */;
			buildSettings = {
				ASSETCATALOG_COMPILER_APPICON_NAME = AppIcon;
				ASSETCATALOG_COMPILER_GLOBAL_ACCENT_COLOR_NAME = AccentColor;
				CLANG_ENABLE_MODULES = YES;
				CODE_SIGN_STYLE = Automatic;
				DEVELOPMENT_ASSET_PATHS = "\"upisdkdemo/Preview Content\"";
				DEVELOPMENT_TEAM = K2S7RKVU3S;
				ENABLE_PREVIEWS = YES;
				FRAMEWORK_SEARCH_PATHS = (
					"$(inherited)",
					"$(PROJECT_DIR)",
					"$(PROJECT_DIR)/upisdkdemo/Frameworks",
				);
				INFOPLIST_FILE = upisdkdemo/Info.plist;
				IPHONEOS_DEPLOYMENT_TARGET = 14.0;
				LD_RUNPATH_SEARCH_PATHS = (
					"$(inherited)",
					"@executable_path/Frameworks",
				);
				PRODUCT_BUNDLE_IDENTIFIER = com.citcon.upisdkdemo;
				PRODUCT_NAME = "$(TARGET_NAME)";
				SWIFT_OBJC_BRIDGING_HEADER = "upisdkdemo/upisdkdemo-Bridging-Header.h";
				SWIFT_OPTIMIZATION_LEVEL = "-Onone";
				SWIFT_VERSION = 5.0;
				TARGETED_DEVICE_FAMILY = "1,2";
			};
			name = Debug;
		};
		C0D178E426E831F700FFA0F8 /* Release */ = {
			isa = XCBuildConfiguration;
			baseConfigurationReference = CD6871803294314D728AE869 /* Pods-upisdkdemo.release.xcconfig */;
			buildSettings = {
				ASSETCATALOG_COMPILER_APPICON_NAME = AppIcon;
				ASSETCATALOG_COMPILER_GLOBAL_ACCENT_COLOR_NAME = AccentColor;
				CLANG_ENABLE_MODULES = YES;
				CODE_SIGN_STYLE = Automatic;
				DEVELOPMENT_ASSET_PATHS = "\"upisdkdemo/Preview Content\"";
				DEVELOPMENT_TEAM = K2S7RKVU3S;
				ENABLE_PREVIEWS = YES;
				FRAMEWORK_SEARCH_PATHS = (
					"$(inherited)",
					"$(PROJECT_DIR)",
					"$(PROJECT_DIR)/upisdkdemo/Frameworks",
					"$(PROJECT_DIR)/Frameworks",
				);
				INFOPLIST_FILE = upisdkdemo/Info.plist;
				IPHONEOS_DEPLOYMENT_TARGET = 14.0;
				LD_RUNPATH_SEARCH_PATHS = (
					"$(inherited)",
					"@executable_path/Frameworks",
				);
				PRODUCT_BUNDLE_IDENTIFIER = com.citcon.upisdkdemo;
				PRODUCT_NAME = "$(TARGET_NAME)";
				SWIFT_OBJC_BRIDGING_HEADER = "upisdkdemo/upisdkdemo-Bridging-Header.h";
				SWIFT_VERSION = 5.0;
				TARGETED_DEVICE_FAMILY = "1,2";
			};
			name = Release;
		};
		C0D178E626E831F700FFA0F8 /* Debug */ = {
			isa = XCBuildConfiguration;
			baseConfigurationReference = CA05310DDE6D3B2310FBBCF0 /* Pods-upisdkdemoTests.debug.xcconfig */;
			buildSettings = {
				ALWAYS_EMBED_SWIFT_STANDARD_LIBRARIES = YES;
				BUNDLE_LOADER = "$(TEST_HOST)";
				CODE_SIGN_STYLE = Automatic;
				INFOPLIST_FILE = upisdkdemoTests/Info.plist;
				IPHONEOS_DEPLOYMENT_TARGET = 14.0;
				LD_RUNPATH_SEARCH_PATHS = (
					"$(inherited)",
					"@executable_path/Frameworks",
					"@loader_path/Frameworks",
				);
				PRODUCT_BUNDLE_IDENTIFIER = com.citcon.upisdkdemoTests;
				PRODUCT_NAME = "$(TARGET_NAME)";
				SWIFT_VERSION = 5.0;
				TARGETED_DEVICE_FAMILY = "1,2";
				TEST_HOST = "$(BUILT_PRODUCTS_DIR)/upisdkdemo.app/upisdkdemo";
			};
			name = Debug;
		};
		C0D178E726E831F700FFA0F8 /* Release */ = {
			isa = XCBuildConfiguration;
			baseConfigurationReference = 62157B7E5007E58AA39A14B9 /* Pods-upisdkdemoTests.release.xcconfig */;
			buildSettings = {
				ALWAYS_EMBED_SWIFT_STANDARD_LIBRARIES = YES;
				BUNDLE_LOADER = "$(TEST_HOST)";
				CODE_SIGN_STYLE = Automatic;
				INFOPLIST_FILE = upisdkdemoTests/Info.plist;
				IPHONEOS_DEPLOYMENT_TARGET = 14.0;
				LD_RUNPATH_SEARCH_PATHS = (
					"$(inherited)",
					"@executable_path/Frameworks",
					"@loader_path/Frameworks",
				);
				PRODUCT_BUNDLE_IDENTIFIER = com.citcon.upisdkdemoTests;
				PRODUCT_NAME = "$(TARGET_NAME)";
				SWIFT_VERSION = 5.0;
				TARGETED_DEVICE_FAMILY = "1,2";
				TEST_HOST = "$(BUILT_PRODUCTS_DIR)/upisdkdemo.app/upisdkdemo";
			};
			name = Release;
		};
		C0D178E926E831F700FFA0F8 /* Debug */ = {
			isa = XCBuildConfiguration;
			baseConfigurationReference = 71611D7A3B6D58375370C3EE /* Pods-upisdkdemo-upisdkdemoUITests.debug.xcconfig */;
			buildSettings = {
				ALWAYS_EMBED_SWIFT_STANDARD_LIBRARIES = YES;
				CODE_SIGN_STYLE = Automatic;
				INFOPLIST_FILE = upisdkdemoUITests/Info.plist;
				LD_RUNPATH_SEARCH_PATHS = (
					"$(inherited)",
					"@executable_path/Frameworks",
					"@loader_path/Frameworks",
				);
				PRODUCT_BUNDLE_IDENTIFIER = com.citcon.upisdkdemoUITests;
				PRODUCT_NAME = "$(TARGET_NAME)";
				SWIFT_VERSION = 5.0;
				TARGETED_DEVICE_FAMILY = "1,2";
				TEST_TARGET_NAME = upisdkdemo;
			};
			name = Debug;
		};
		C0D178EA26E831F700FFA0F8 /* Release */ = {
			isa = XCBuildConfiguration;
			baseConfigurationReference = DD52FBB5FD2870B255445A95 /* Pods-upisdkdemo-upisdkdemoUITests.release.xcconfig */;
			buildSettings = {
				ALWAYS_EMBED_SWIFT_STANDARD_LIBRARIES = YES;
				CODE_SIGN_STYLE = Automatic;
				INFOPLIST_FILE = upisdkdemoUITests/Info.plist;
				LD_RUNPATH_SEARCH_PATHS = (
					"$(inherited)",
					"@executable_path/Frameworks",
					"@loader_path/Frameworks",
				);
				PRODUCT_BUNDLE_IDENTIFIER = com.citcon.upisdkdemoUITests;
				PRODUCT_NAME = "$(TARGET_NAME)";
				SWIFT_VERSION = 5.0;
				TARGETED_DEVICE_FAMILY = "1,2";
				TEST_TARGET_NAME = upisdkdemo;
			};
			name = Release;
		};
/* End XCBuildConfiguration section */

/* Begin XCConfigurationList section */
		C0D178B826E831F500FFA0F8 /* Build configuration list for PBXProject "upisdkdemo" */ = {
			isa = XCConfigurationList;
			buildConfigurations = (
				C0D178E026E831F700FFA0F8 /* Debug */,
				C0D178E126E831F700FFA0F8 /* Release */,
			);
			defaultConfigurationIsVisible = 0;
			defaultConfigurationName = Release;
		};
		C0D178E226E831F700FFA0F8 /* Build configuration list for PBXNativeTarget "upisdkdemo" */ = {
			isa = XCConfigurationList;
			buildConfigurations = (
				C0D178E326E831F700FFA0F8 /* Debug */,
				C0D178E426E831F700FFA0F8 /* Release */,
			);
			defaultConfigurationIsVisible = 0;
			defaultConfigurationName = Release;
		};
		C0D178E526E831F700FFA0F8 /* Build configuration list for PBXNativeTarget "upisdkdemoTests" */ = {
			isa = XCConfigurationList;
			buildConfigurations = (
				C0D178E626E831F700FFA0F8 /* Debug */,
				C0D178E726E831F700FFA0F8 /* Release */,
			);
			defaultConfigurationIsVisible = 0;
			defaultConfigurationName = Release;
		};
		C0D178E826E831F700FFA0F8 /* Build configuration list for PBXNativeTarget "upisdkdemoUITests" */ = {
			isa = XCConfigurationList;
			buildConfigurations = (
				C0D178E926E831F700FFA0F8 /* Debug */,
				C0D178EA26E831F700FFA0F8 /* Release */,
			);
			defaultConfigurationIsVisible = 0;
			defaultConfigurationName = Release;
		};
/* End XCConfigurationList section */
	};
	rootObject = C0D178B526E831F500FFA0F8 /* Project object */;
}
